
Microsoft Visual Studio Solution File, Format Version 12.00
# Visual Studio Version 17
VisualStudioVersion = 17.3.32804.467
MinimumVisualStudioVersion = 10.0.40219.1
Project("{9A19103F-16F7-4668-BE54-9A1E7A4F7556}") = "Team7", "Team7.csproj", "{A60E7191-2A15-44BC-A3E1-02F2F4E339DC}"
EndProject
Global
	GlobalSection(SolutionConfigurationPlatforms) = preSolution
		Debug|Any CPU = Debug|Any CPU
		Release|Any CPU = Release|Any CPU
	EndGlobalSection
	GlobalSection(ProjectConfigurationPlatforms) = postSolution
		{A60E7191-2A15-44BC-A3E1-02F2F4E339DC}.Debug|Any CPU.ActiveCfg = Debug|Any CPU
		{A60E7191-2A15-44BC-A3E1-02F2F4E339DC}.Debug|Any CPU.Build.0 = Debug|Any CPU
		{A60E7191-2A15-44BC-A3E1-02F2F4E339DC}.Release|Any CPU.ActiveCfg = Release|Any CPU
		{A60E7191-2A15-44BC-A3E1-02F2F4E339DC}.Release|Any CPU.Build.0 = Release|Any CPU
	EndGlobalSection
	GlobalSection(SolutionProperties) = preSolution
		HideSolutionNode = FALSE
	EndGlobalSection
	GlobalSection(ExtensibilityGlobals) = postSolution
		SolutionGuid = {80689BB3-5BF5-4DEF-9BF6-5A74D56763A8}
	EndGlobalSection
EndGlobal
